
Microsoft Visual Studio Solution File, Format Version 12.00
# Visual Studio Version 17
VisualStudioVersion = 17.11.35327.3
MinimumVisualStudioVersion = 10.0.40219.1
Project("{FAE04EC0-301F-11D3-BF4B-00C04F79EFBC}") = "WebShopping", "WebShopping\WebShopping.csproj", "{99507F01-B153-4906-AA2C-752FFB8148C1}"
EndProject
Global
	GlobalSection(SolutionConfigurationPlatforms) = preSolution
		Debug|Any CPU = Debug|Any CPU
		Release|Any CPU = Release|Any CPU
	EndGlobalSection
	GlobalSection(ProjectConfigurationPlatforms) = postSolution
		{99507F01-B153-4906-AA2C-752FFB8148C1}.Debug|Any CPU.ActiveCfg = Debug|Any CPU
		{99507F01-B153-4906-AA2C-752FFB8148C1}.Debug|Any CPU.Build.0 = Debug|Any CPU
		{99507F01-B153-4906-AA2C-752FFB8148C1}.Release|Any CPU.ActiveCfg = Release|Any CPU
		{99507F01-B153-4906-AA2C-752FFB8148C1}.Release|Any CPU.Build.0 = Release|Any CPU
	EndGlobalSection
	GlobalSection(SolutionProperties) = preSolution
		HideSolutionNode = FALSE
	EndGlobalSection
	GlobalSection(ExtensibilityGlobals) = postSolution
		SolutionGuid = {E46E2B78-FD19-472A-9B6E-A69B976741F4}
	EndGlobalSection
EndGlobal
